// !$*UTF8*$!
{
	archiveVersion = 1;
	classes = {
	};
	objectVersion = 46;
	objects = {

/* Begin PBXBuildFile section */
		01AB3B0C1B91C1CD004625F9 /* HASignupInfoViewController.m in Sources */ = {isa = PBXBuildFile; fileRef = 01AB3B0B1B91C1CD004625F9 /* HASignupInfoViewController.m */; };
		01AB3B121B91F2B1004625F9 /* HASettingsViewController.m in Sources */ = {isa = PBXBuildFile; fileRef = 01AB3B111B91F2B1004625F9 /* HASettingsViewController.m */; };
		260A959F1B91D34300DE286A /* HAUser.m in Sources */ = {isa = PBXBuildFile; fileRef = 260A959E1B91D34300DE286A /* HAUser.m */; };
		260A95A61B92173800DE286A /* AudioToolbox.framework in Frameworks */ = {isa = PBXBuildFile; fileRef = 260A95A51B92173800DE286A /* AudioToolbox.framework */; };
		260A95A81B92174000DE286A /* CFNetwork.framework in Frameworks */ = {isa = PBXBuildFile; fileRef = 260A95A71B92174000DE286A /* CFNetwork.framework */; };
		260A95AA1B92174B00DE286A /* CoreGraphics.framework in Frameworks */ = {isa = PBXBuildFile; fileRef = 260A95A91B92174B00DE286A /* CoreGraphics.framework */; };
		260A95AC1B92175700DE286A /* QuartzCore.framework in Frameworks */ = {isa = PBXBuildFile; fileRef = 260A95AB1B92175700DE286A /* QuartzCore.framework */; };
		260A95AE1B92177A00DE286A /* StoreKit.framework in Frameworks */ = {isa = PBXBuildFile; fileRef = 260A95AD1B92177A00DE286A /* StoreKit.framework */; };
		260A95B01B92178900DE286A /* libz.dylib in Frameworks */ = {isa = PBXBuildFile; fileRef = 260A95AF1B92178900DE286A /* libz.dylib */; };
		260A95B21B92179800DE286A /* libsqlite3.dylib in Frameworks */ = {isa = PBXBuildFile; fileRef = 260A95B11B92179800DE286A /* libsqlite3.dylib */; };
		260A95BB1B92185B00DE286A /* Bolts.framework in Frameworks */ = {isa = PBXBuildFile; fileRef = 260A95B41B92185B00DE286A /* Bolts.framework */; };
		260A95BC1B92185B00DE286A /* Parse.framework in Frameworks */ = {isa = PBXBuildFile; fileRef = 260A95B51B92185B00DE286A /* Parse.framework */; };
		260A95BD1B92185B00DE286A /* ParseCrashReporting.framework in Frameworks */ = {isa = PBXBuildFile; fileRef = 260A95B61B92185B00DE286A /* ParseCrashReporting.framework */; };
		260A95BE1B92185B00DE286A /* ParseFacebookUtils.framework in Frameworks */ = {isa = PBXBuildFile; fileRef = 260A95B71B92185B00DE286A /* ParseFacebookUtils.framework */; };
		260A95BF1B92185B00DE286A /* ParseFacebookUtilsV4.framework in Frameworks */ = {isa = PBXBuildFile; fileRef = 260A95B81B92185B00DE286A /* ParseFacebookUtilsV4.framework */; };
		260A95C01B92185B00DE286A /* ParseTwitterUtils.framework in Frameworks */ = {isa = PBXBuildFile; fileRef = 260A95B91B92185B00DE286A /* ParseTwitterUtils.framework */; };
		260A95C11B92185B00DE286A /* ParseUI.framework in Frameworks */ = {isa = PBXBuildFile; fileRef = 260A95BA1B92185B00DE286A /* ParseUI.framework */; };
		260A95C41B92195D00DE286A /* HAModelManager.m in Sources */ = {isa = PBXBuildFile; fileRef = 260A95C31B92195D00DE286A /* HAModelManager.m */; };
		26B446891B91C5D70066F83C /* Beaconstac.framework in Frameworks */ = {isa = PBXBuildFile; fileRef = 26B446881B91C5D70066F83C /* Beaconstac.framework */; };
		26B4468B1B91C6040066F83C /* SystemConfiguration.framework in Frameworks */ = {isa = PBXBuildFile; fileRef = 26B4468A1B91C6040066F83C /* SystemConfiguration.framework */; };
		26B4468D1B91C60F0066F83C /* CoreData.framework in Frameworks */ = {isa = PBXBuildFile; fileRef = 26B4468C1B91C60F0066F83C /* CoreData.framework */; };
		26B4468F1B91C6140066F83C /* CoreBluetooth.framework in Frameworks */ = {isa = PBXBuildFile; fileRef = 26B4468E1B91C6140066F83C /* CoreBluetooth.framework */; };
		26B446911B91C61D0066F83C /* CoreLocation.framework in Frameworks */ = {isa = PBXBuildFile; fileRef = 26B446901B91C61D0066F83C /* CoreLocation.framework */; };
		26B446951B91C80C0066F83C /* BeaconstacData.bundle in Resources */ = {isa = PBXBuildFile; fileRef = 26B446941B91C80C0066F83C /* BeaconstacData.bundle */; };
		26EEF7B71B91AEB500132A92 /* main.m in Sources */ = {isa = PBXBuildFile; fileRef = 26EEF7B61B91AEB500132A92 /* main.m */; };
		26EEF7BA1B91AEB500132A92 /* AppDelegate.m in Sources */ = {isa = PBXBuildFile; fileRef = 26EEF7B91B91AEB500132A92 /* AppDelegate.m */; };
		26EEF7C21B91AEB500132A92 /* Images.xcassets in Resources */ = {isa = PBXBuildFile; fileRef = 26EEF7C11B91AEB500132A92 /* Images.xcassets */; };
		26EEF7C51B91AEB500132A92 /* LaunchScreen.xib in Resources */ = {isa = PBXBuildFile; fileRef = 26EEF7C31B91AEB500132A92 /* LaunchScreen.xib */; };
		26EEF7D11B91AEB500132A92 /* hikerappTests.m in Sources */ = {isa = PBXBuildFile; fileRef = 26EEF7D01B91AEB500132A92 /* hikerappTests.m */; };
		52EDFC611B91BA5C004C65DB /* RECommonFunctions.m in Sources */ = {isa = PBXBuildFile; fileRef = 52EDFC5C1B91BA5C004C65DB /* RECommonFunctions.m */; };
		52EDFC621B91BA5C004C65DB /* RESideMenu.m in Sources */ = {isa = PBXBuildFile; fileRef = 52EDFC5E1B91BA5C004C65DB /* RESideMenu.m */; };
		52EDFC631B91BA5C004C65DB /* UIViewController+RESideMenu.m in Sources */ = {isa = PBXBuildFile; fileRef = 52EDFC601B91BA5C004C65DB /* UIViewController+RESideMenu.m */; };
		52EDFCB21B91CDEE004C65DB /* Fabric.framework in Frameworks */ = {isa = PBXBuildFile; fileRef = 52EDFCAE1B91CDEE004C65DB /* Fabric.framework */; };
		52EDFCB31B91CDEE004C65DB /* DigitsKit.framework in Frameworks */ = {isa = PBXBuildFile; fileRef = 52EDFCAF1B91CDEE004C65DB /* DigitsKit.framework */; };
		52EDFCB41B91CDEE004C65DB /* DigitsKitResources.bundle in Resources */ = {isa = PBXBuildFile; fileRef = 52EDFCB01B91CDEE004C65DB /* DigitsKitResources.bundle */; };
		52EDFCB51B91CDEE004C65DB /* TwitterCore.framework in Frameworks */ = {isa = PBXBuildFile; fileRef = 52EDFCB11B91CDEE004C65DB /* TwitterCore.framework */; };
		52EDFCCA1B91CFB1004C65DB /* AFHTTPRequestOperation.m in Sources */ = {isa = PBXBuildFile; fileRef = 52EDFCB81B91CFB1004C65DB /* AFHTTPRequestOperation.m */; };
		52EDFCCB1B91CFB1004C65DB /* AFHTTPRequestOperationManager.m in Sources */ = {isa = PBXBuildFile; fileRef = 52EDFCBA1B91CFB1004C65DB /* AFHTTPRequestOperationManager.m */; };
		52EDFCCC1B91CFB1004C65DB /* AFHTTPSessionManager.m in Sources */ = {isa = PBXBuildFile; fileRef = 52EDFCBC1B91CFB1004C65DB /* AFHTTPSessionManager.m */; };
		52EDFCCD1B91CFB1004C65DB /* AFNetworkReachabilityManager.m in Sources */ = {isa = PBXBuildFile; fileRef = 52EDFCBF1B91CFB1004C65DB /* AFNetworkReachabilityManager.m */; };
		52EDFCCE1B91CFB1004C65DB /* AFSecurityPolicy.m in Sources */ = {isa = PBXBuildFile; fileRef = 52EDFCC11B91CFB1004C65DB /* AFSecurityPolicy.m */; };
		52EDFCCF1B91CFB1004C65DB /* AFURLConnectionOperation.m in Sources */ = {isa = PBXBuildFile; fileRef = 52EDFCC31B91CFB1004C65DB /* AFURLConnectionOperation.m */; };
		52EDFCD01B91CFB1004C65DB /* AFURLRequestSerialization.m in Sources */ = {isa = PBXBuildFile; fileRef = 52EDFCC51B91CFB1004C65DB /* AFURLRequestSerialization.m */; };
		52EDFCD11B91CFB1004C65DB /* AFURLResponseSerialization.m in Sources */ = {isa = PBXBuildFile; fileRef = 52EDFCC71B91CFB1004C65DB /* AFURLResponseSerialization.m */; };
		52EDFCD21B91CFB1004C65DB /* AFURLSessionManager.m in Sources */ = {isa = PBXBuildFile; fileRef = 52EDFCC91B91CFB1004C65DB /* AFURLSessionManager.m */; };
		52EDFCD41B91CFED004C65DB /* Security.framework in Frameworks */ = {isa = PBXBuildFile; fileRef = 52EDFCD31B91CFED004C65DB /* Security.framework */; };
		52EDFCD61B91CFF3004C65DB /* MobileCoreServices.framework in Frameworks */ = {isa = PBXBuildFile; fileRef = 52EDFCD51B91CFF3004C65DB /* MobileCoreServices.framework */; };
		52EDFCE51B91F89D004C65DB /* HASignUpManager.m in Sources */ = {isa = PBXBuildFile; fileRef = 52EDFCE41B91F89D004C65DB /* HASignUpManager.m */; };
		52EDFD0A1B922027004C65DB /* MKAnnotationView+WebCache.m in Sources */ = {isa = PBXBuildFile; fileRef = 52EDFCEA1B922027004C65DB /* MKAnnotationView+WebCache.m */; };
		52EDFD0B1B922027004C65DB /* NSData+ImageContentType.m in Sources */ = {isa = PBXBuildFile; fileRef = 52EDFCEC1B922027004C65DB /* NSData+ImageContentType.m */; };
		52EDFD0C1B922027004C65DB /* SDImageCache.m in Sources */ = {isa = PBXBuildFile; fileRef = 52EDFCEE1B922027004C65DB /* SDImageCache.m */; };
		52EDFD0D1B922027004C65DB /* SDWebImageCompat.m in Sources */ = {isa = PBXBuildFile; fileRef = 52EDFCF01B922027004C65DB /* SDWebImageCompat.m */; };
		52EDFD0E1B922027004C65DB /* SDWebImageDecoder.m in Sources */ = {isa = PBXBuildFile; fileRef = 52EDFCF21B922027004C65DB /* SDWebImageDecoder.m */; };
		52EDFD0F1B922027004C65DB /* SDWebImageDownloader.m in Sources */ = {isa = PBXBuildFile; fileRef = 52EDFCF41B922027004C65DB /* SDWebImageDownloader.m */; };
		52EDFD101B922027004C65DB /* SDWebImageDownloaderOperation.m in Sources */ = {isa = PBXBuildFile; fileRef = 52EDFCF61B922027004C65DB /* SDWebImageDownloaderOperation.m */; };
		52EDFD111B922027004C65DB /* SDWebImageManager.m in Sources */ = {isa = PBXBuildFile; fileRef = 52EDFCF81B922027004C65DB /* SDWebImageManager.m */; };
		52EDFD121B922027004C65DB /* SDWebImagePrefetcher.m in Sources */ = {isa = PBXBuildFile; fileRef = 52EDFCFB1B922027004C65DB /* SDWebImagePrefetcher.m */; };
		52EDFD131B922027004C65DB /* UIButton+WebCache.m in Sources */ = {isa = PBXBuildFile; fileRef = 52EDFCFD1B922027004C65DB /* UIButton+WebCache.m */; };
		52EDFD141B922027004C65DB /* UIImage+GIF.m in Sources */ = {isa = PBXBuildFile; fileRef = 52EDFCFF1B922027004C65DB /* UIImage+GIF.m */; };
		52EDFD151B922027004C65DB /* UIImage+MultiFormat.m in Sources */ = {isa = PBXBuildFile; fileRef = 52EDFD011B922027004C65DB /* UIImage+MultiFormat.m */; };
		52EDFD161B922027004C65DB /* UIImage+WebP.m in Sources */ = {isa = PBXBuildFile; fileRef = 52EDFD031B922027004C65DB /* UIImage+WebP.m */; };
		52EDFD171B922027004C65DB /* UIImageView+HighlightedWebCache.m in Sources */ = {isa = PBXBuildFile; fileRef = 52EDFD051B922027004C65DB /* UIImageView+HighlightedWebCache.m */; };
		52EDFD181B922027004C65DB /* UIImageView+WebCache.m in Sources */ = {isa = PBXBuildFile; fileRef = 52EDFD071B922027004C65DB /* UIImageView+WebCache.m */; };
		52EDFD191B922027004C65DB /* UIView+WebCacheOperation.m in Sources */ = {isa = PBXBuildFile; fileRef = 52EDFD091B922027004C65DB /* UIView+WebCacheOperation.m */; };
		52EDFD1F1B922117004C65DB /* UIImage+Resize.m in Sources */ = {isa = PBXBuildFile; fileRef = 52EDFD1E1B922117004C65DB /* UIImage+Resize.m */; };
		52EDFD221B922130004C65DB /* UIImage+RoundedCorner.m in Sources */ = {isa = PBXBuildFile; fileRef = 52EDFD211B922130004C65DB /* UIImage+RoundedCorner.m */; };
		52EDFD251B922144004C65DB /* UIImage+Alpha.m in Sources */ = {isa = PBXBuildFile; fileRef = 52EDFD241B922144004C65DB /* UIImage+Alpha.m */; };
		D34C728D1B91BF8800C2586F /* HAHomeScreenVIewController.m in Sources */ = {isa = PBXBuildFile; fileRef = D34C728B1B91BF8800C2586F /* HAHomeScreenVIewController.m */; };
		D34C728E1B91BF8800C2586F /* HAHomeScreenVIewController.xib in Resources */ = {isa = PBXBuildFile; fileRef = D34C728C1B91BF8800C2586F /* HAHomeScreenVIewController.xib */; };
		D34C72A21B91DA0100C2586F /* HABuddyTableViewCell.m in Sources */ = {isa = PBXBuildFile; fileRef = D34C72A01B91DA0100C2586F /* HABuddyTableViewCell.m */; };
		D34C72A31B91DA0100C2586F /* HABuddyTableViewCell.xib in Resources */ = {isa = PBXBuildFile; fileRef = D34C72A11B91DA0100C2586F /* HABuddyTableViewCell.xib */; };
		D34C72A71B91F54F00C2586F /* HALeftMenuViewController.m in Sources */ = {isa = PBXBuildFile; fileRef = D34C72A51B91F54F00C2586F /* HALeftMenuViewController.m */; };
		D34C72A81B91F54F00C2586F /* HALeftMenuViewController.xib in Resources */ = {isa = PBXBuildFile; fileRef = D34C72A61B91F54F00C2586F /* HALeftMenuViewController.xib */; };
		D34C73001B92291400C2586F /* SVIndefiniteAnimatedView.m in Sources */ = {isa = PBXBuildFile; fileRef = D34C72F91B92291400C2586F /* SVIndefiniteAnimatedView.m */; };
		D34C73011B92291400C2586F /* SVProgressHUD.bundle in Resources */ = {isa = PBXBuildFile; fileRef = D34C72FB1B92291400C2586F /* SVProgressHUD.bundle */; };
		D34C73021B92291400C2586F /* SVProgressHUD.m in Sources */ = {isa = PBXBuildFile; fileRef = D34C72FD1B92291400C2586F /* SVProgressHUD.m */; };
		D34C73031B92291400C2586F /* SVRadialGradientLayer.m in Sources */ = {isa = PBXBuildFile; fileRef = D34C72FF1B92291400C2586F /* SVRadialGradientLayer.m */; };
/* End PBXBuildFile section */

/* Begin PBXContainerItemProxy section */
		26EEF7CB1B91AEB500132A92 /* PBXContainerItemProxy */ = {
			isa = PBXContainerItemProxy;
			containerPortal = 26EEF7A91B91AEB500132A92 /* Project object */;
			proxyType = 1;
			remoteGlobalIDString = 26EEF7B01B91AEB500132A92;
			remoteInfo = hikerapp;
		};
/* End PBXContainerItemProxy section */

/* Begin PBXFileReference section */
		01AB3B0A1B91C1CD004625F9 /* HASignupInfoViewController.h */ = {isa = PBXFileReference; fileEncoding = 4; lastKnownFileType = sourcecode.c.h; path = HASignupInfoViewController.h; sourceTree = "<group>"; };
		01AB3B0B1B91C1CD004625F9 /* HASignupInfoViewController.m */ = {isa = PBXFileReference; fileEncoding = 4; lastKnownFileType = sourcecode.c.objc; path = HASignupInfoViewController.m; sourceTree = "<group>"; };
		01AB3B101B91F2B1004625F9 /* HASettingsViewController.h */ = {isa = PBXFileReference; fileEncoding = 4; lastKnownFileType = sourcecode.c.h; path = HASettingsViewController.h; sourceTree = "<group>"; };
		01AB3B111B91F2B1004625F9 /* HASettingsViewController.m */ = {isa = PBXFileReference; fileEncoding = 4; lastKnownFileType = sourcecode.c.objc; path = HASettingsViewController.m; sourceTree = "<group>"; };
		260A959D1B91D34300DE286A /* HAUser.h */ = {isa = PBXFileReference; fileEncoding = 4; lastKnownFileType = sourcecode.c.h; path = HAUser.h; sourceTree = "<group>"; };
		260A959E1B91D34300DE286A /* HAUser.m */ = {isa = PBXFileReference; fileEncoding = 4; lastKnownFileType = sourcecode.c.objc; path = HAUser.m; sourceTree = "<group>"; };
		260A95A01B91D78400DE286A /* HACommonDefs.h */ = {isa = PBXFileReference; lastKnownFileType = sourcecode.c.h; path = HACommonDefs.h; sourceTree = "<group>"; };
		260A95A51B92173800DE286A /* AudioToolbox.framework */ = {isa = PBXFileReference; lastKnownFileType = wrapper.framework; name = AudioToolbox.framework; path = System/Library/Frameworks/AudioToolbox.framework; sourceTree = SDKROOT; };
		260A95A71B92174000DE286A /* CFNetwork.framework */ = {isa = PBXFileReference; lastKnownFileType = wrapper.framework; name = CFNetwork.framework; path = System/Library/Frameworks/CFNetwork.framework; sourceTree = SDKROOT; };
		260A95A91B92174B00DE286A /* CoreGraphics.framework */ = {isa = PBXFileReference; lastKnownFileType = wrapper.framework; name = CoreGraphics.framework; path = System/Library/Frameworks/CoreGraphics.framework; sourceTree = SDKROOT; };
		260A95AB1B92175700DE286A /* QuartzCore.framework */ = {isa = PBXFileReference; lastKnownFileType = wrapper.framework; name = QuartzCore.framework; path = System/Library/Frameworks/QuartzCore.framework; sourceTree = SDKROOT; };
		260A95AD1B92177A00DE286A /* StoreKit.framework */ = {isa = PBXFileReference; lastKnownFileType = wrapper.framework; name = StoreKit.framework; path = System/Library/Frameworks/StoreKit.framework; sourceTree = SDKROOT; };
		260A95AF1B92178900DE286A /* libz.dylib */ = {isa = PBXFileReference; lastKnownFileType = "compiled.mach-o.dylib"; name = libz.dylib; path = usr/lib/libz.dylib; sourceTree = SDKROOT; };
		260A95B11B92179800DE286A /* libsqlite3.dylib */ = {isa = PBXFileReference; lastKnownFileType = "compiled.mach-o.dylib"; name = libsqlite3.dylib; path = usr/lib/libsqlite3.dylib; sourceTree = SDKROOT; };
		260A95B41B92185B00DE286A /* Bolts.framework */ = {isa = PBXFileReference; lastKnownFileType = wrapper.framework; path = Bolts.framework; sourceTree = "<group>"; };
		260A95B51B92185B00DE286A /* Parse.framework */ = {isa = PBXFileReference; lastKnownFileType = wrapper.framework; path = Parse.framework; sourceTree = "<group>"; };
		260A95B61B92185B00DE286A /* ParseCrashReporting.framework */ = {isa = PBXFileReference; lastKnownFileType = wrapper.framework; path = ParseCrashReporting.framework; sourceTree = "<group>"; };
		260A95B71B92185B00DE286A /* ParseFacebookUtils.framework */ = {isa = PBXFileReference; lastKnownFileType = wrapper.framework; path = ParseFacebookUtils.framework; sourceTree = "<group>"; };
		260A95B81B92185B00DE286A /* ParseFacebookUtilsV4.framework */ = {isa = PBXFileReference; lastKnownFileType = wrapper.framework; path = ParseFacebookUtilsV4.framework; sourceTree = "<group>"; };
		260A95B91B92185B00DE286A /* ParseTwitterUtils.framework */ = {isa = PBXFileReference; lastKnownFileType = wrapper.framework; path = ParseTwitterUtils.framework; sourceTree = "<group>"; };
		260A95BA1B92185B00DE286A /* ParseUI.framework */ = {isa = PBXFileReference; lastKnownFileType = wrapper.framework; path = ParseUI.framework; sourceTree = "<group>"; };
		260A95C21B92195D00DE286A /* HAModelManager.h */ = {isa = PBXFileReference; fileEncoding = 4; lastKnownFileType = sourcecode.c.h; path = HAModelManager.h; sourceTree = "<group>"; };
		260A95C31B92195D00DE286A /* HAModelManager.m */ = {isa = PBXFileReference; fileEncoding = 4; lastKnownFileType = sourcecode.c.objc; path = HAModelManager.m; sourceTree = "<group>"; };
		26B446881B91C5D70066F83C /* Beaconstac.framework */ = {isa = PBXFileReference; lastKnownFileType = wrapper.framework; path = Beaconstac.framework; sourceTree = "<group>"; };
		26B4468A1B91C6040066F83C /* SystemConfiguration.framework */ = {isa = PBXFileReference; lastKnownFileType = wrapper.framework; name = SystemConfiguration.framework; path = System/Library/Frameworks/SystemConfiguration.framework; sourceTree = SDKROOT; };
		26B4468C1B91C60F0066F83C /* CoreData.framework */ = {isa = PBXFileReference; lastKnownFileType = wrapper.framework; name = CoreData.framework; path = System/Library/Frameworks/CoreData.framework; sourceTree = SDKROOT; };
		26B4468E1B91C6140066F83C /* CoreBluetooth.framework */ = {isa = PBXFileReference; lastKnownFileType = wrapper.framework; name = CoreBluetooth.framework; path = System/Library/Frameworks/CoreBluetooth.framework; sourceTree = SDKROOT; };
		26B446901B91C61D0066F83C /* CoreLocation.framework */ = {isa = PBXFileReference; lastKnownFileType = wrapper.framework; name = CoreLocation.framework; path = System/Library/Frameworks/CoreLocation.framework; sourceTree = SDKROOT; };
		26B446941B91C80C0066F83C /* BeaconstacData.bundle */ = {isa = PBXFileReference; lastKnownFileType = "wrapper.plug-in"; name = BeaconstacData.bundle; path = BeaconstacSDK/Beaconstac.framework/Versions/1.0/Resources/BeaconstacData.bundle; sourceTree = "<group>"; };
		26EEF7B11B91AEB500132A92 /* hikerapp.app */ = {isa = PBXFileReference; explicitFileType = wrapper.application; includeInIndex = 0; path = hikerapp.app; sourceTree = BUILT_PRODUCTS_DIR; };
		26EEF7B51B91AEB500132A92 /* Info.plist */ = {isa = PBXFileReference; lastKnownFileType = text.plist.xml; path = Info.plist; sourceTree = "<group>"; };
		26EEF7B61B91AEB500132A92 /* main.m */ = {isa = PBXFileReference; lastKnownFileType = sourcecode.c.objc; path = main.m; sourceTree = "<group>"; };
		26EEF7B81B91AEB500132A92 /* AppDelegate.h */ = {isa = PBXFileReference; lastKnownFileType = sourcecode.c.h; path = AppDelegate.h; sourceTree = "<group>"; };
		26EEF7B91B91AEB500132A92 /* AppDelegate.m */ = {isa = PBXFileReference; lastKnownFileType = sourcecode.c.objc; path = AppDelegate.m; sourceTree = "<group>"; };
		26EEF7C11B91AEB500132A92 /* Images.xcassets */ = {isa = PBXFileReference; lastKnownFileType = folder.assetcatalog; path = Images.xcassets; sourceTree = "<group>"; };
		26EEF7C41B91AEB500132A92 /* Base */ = {isa = PBXFileReference; lastKnownFileType = file.xib; name = Base; path = Base.lproj/LaunchScreen.xib; sourceTree = "<group>"; };
		26EEF7CA1B91AEB500132A92 /* hikerappTests.xctest */ = {isa = PBXFileReference; explicitFileType = wrapper.cfbundle; includeInIndex = 0; path = hikerappTests.xctest; sourceTree = BUILT_PRODUCTS_DIR; };
		26EEF7CF1B91AEB500132A92 /* Info.plist */ = {isa = PBXFileReference; lastKnownFileType = text.plist.xml; path = Info.plist; sourceTree = "<group>"; };
		26EEF7D01B91AEB500132A92 /* hikerappTests.m */ = {isa = PBXFileReference; lastKnownFileType = sourcecode.c.objc; path = hikerappTests.m; sourceTree = "<group>"; };
		52EDFC5B1B91BA5C004C65DB /* RECommonFunctions.h */ = {isa = PBXFileReference; fileEncoding = 4; lastKnownFileType = sourcecode.c.h; path = RECommonFunctions.h; sourceTree = "<group>"; };
		52EDFC5C1B91BA5C004C65DB /* RECommonFunctions.m */ = {isa = PBXFileReference; fileEncoding = 4; lastKnownFileType = sourcecode.c.objc; path = RECommonFunctions.m; sourceTree = "<group>"; };
		52EDFC5D1B91BA5C004C65DB /* RESideMenu.h */ = {isa = PBXFileReference; fileEncoding = 4; lastKnownFileType = sourcecode.c.h; path = RESideMenu.h; sourceTree = "<group>"; };
		52EDFC5E1B91BA5C004C65DB /* RESideMenu.m */ = {isa = PBXFileReference; fileEncoding = 4; lastKnownFileType = sourcecode.c.objc; path = RESideMenu.m; sourceTree = "<group>"; };
		52EDFC5F1B91BA5C004C65DB /* UIViewController+RESideMenu.h */ = {isa = PBXFileReference; fileEncoding = 4; lastKnownFileType = sourcecode.c.h; path = "UIViewController+RESideMenu.h"; sourceTree = "<group>"; };
		52EDFC601B91BA5C004C65DB /* UIViewController+RESideMenu.m */ = {isa = PBXFileReference; fileEncoding = 4; lastKnownFileType = sourcecode.c.objc; path = "UIViewController+RESideMenu.m"; sourceTree = "<group>"; };
		52EDFCAE1B91CDEE004C65DB /* Fabric.framework */ = {isa = PBXFileReference; lastKnownFileType = wrapper.framework; path = Fabric.framework; sourceTree = SOURCE_ROOT; };
		52EDFCAF1B91CDEE004C65DB /* DigitsKit.framework */ = {isa = PBXFileReference; lastKnownFileType = wrapper.framework; path = DigitsKit.framework; sourceTree = SOURCE_ROOT; };
		52EDFCB01B91CDEE004C65DB /* DigitsKitResources.bundle */ = {isa = PBXFileReference; lastKnownFileType = "wrapper.plug-in"; name = DigitsKitResources.bundle; path = DigitsKit.framework/Versions/A/Resources/DigitsKitResources.bundle; sourceTree = SOURCE_ROOT; };
		52EDFCB11B91CDEE004C65DB /* TwitterCore.framework */ = {isa = PBXFileReference; lastKnownFileType = wrapper.framework; path = TwitterCore.framework; sourceTree = SOURCE_ROOT; };
		52EDFCB71B91CFB1004C65DB /* AFHTTPRequestOperation.h */ = {isa = PBXFileReference; fileEncoding = 4; lastKnownFileType = sourcecode.c.h; name = AFHTTPRequestOperation.h; path = AFNetworking/AFHTTPRequestOperation.h; sourceTree = "<group>"; };
		52EDFCB81B91CFB1004C65DB /* AFHTTPRequestOperation.m */ = {isa = PBXFileReference; fileEncoding = 4; lastKnownFileType = sourcecode.c.objc; name = AFHTTPRequestOperation.m; path = AFNetworking/AFHTTPRequestOperation.m; sourceTree = "<group>"; };
		52EDFCB91B91CFB1004C65DB /* AFHTTPRequestOperationManager.h */ = {isa = PBXFileReference; fileEncoding = 4; lastKnownFileType = sourcecode.c.h; name = AFHTTPRequestOperationManager.h; path = AFNetworking/AFHTTPRequestOperationManager.h; sourceTree = "<group>"; };
		52EDFCBA1B91CFB1004C65DB /* AFHTTPRequestOperationManager.m */ = {isa = PBXFileReference; fileEncoding = 4; lastKnownFileType = sourcecode.c.objc; name = AFHTTPRequestOperationManager.m; path = AFNetworking/AFHTTPRequestOperationManager.m; sourceTree = "<group>"; };
		52EDFCBB1B91CFB1004C65DB /* AFHTTPSessionManager.h */ = {isa = PBXFileReference; fileEncoding = 4; lastKnownFileType = sourcecode.c.h; name = AFHTTPSessionManager.h; path = AFNetworking/AFHTTPSessionManager.h; sourceTree = "<group>"; };
		52EDFCBC1B91CFB1004C65DB /* AFHTTPSessionManager.m */ = {isa = PBXFileReference; fileEncoding = 4; lastKnownFileType = sourcecode.c.objc; name = AFHTTPSessionManager.m; path = AFNetworking/AFHTTPSessionManager.m; sourceTree = "<group>"; };
		52EDFCBD1B91CFB1004C65DB /* AFNetworking.h */ = {isa = PBXFileReference; fileEncoding = 4; lastKnownFileType = sourcecode.c.h; name = AFNetworking.h; path = AFNetworking/AFNetworking.h; sourceTree = "<group>"; };
		52EDFCBE1B91CFB1004C65DB /* AFNetworkReachabilityManager.h */ = {isa = PBXFileReference; fileEncoding = 4; lastKnownFileType = sourcecode.c.h; name = AFNetworkReachabilityManager.h; path = AFNetworking/AFNetworkReachabilityManager.h; sourceTree = "<group>"; };
		52EDFCBF1B91CFB1004C65DB /* AFNetworkReachabilityManager.m */ = {isa = PBXFileReference; fileEncoding = 4; lastKnownFileType = sourcecode.c.objc; name = AFNetworkReachabilityManager.m; path = AFNetworking/AFNetworkReachabilityManager.m; sourceTree = "<group>"; };
		52EDFCC01B91CFB1004C65DB /* AFSecurityPolicy.h */ = {isa = PBXFileReference; fileEncoding = 4; lastKnownFileType = sourcecode.c.h; name = AFSecurityPolicy.h; path = AFNetworking/AFSecurityPolicy.h; sourceTree = "<group>"; };
		52EDFCC11B91CFB1004C65DB /* AFSecurityPolicy.m */ = {isa = PBXFileReference; fileEncoding = 4; lastKnownFileType = sourcecode.c.objc; name = AFSecurityPolicy.m; path = AFNetworking/AFSecurityPolicy.m; sourceTree = "<group>"; };
		52EDFCC21B91CFB1004C65DB /* AFURLConnectionOperation.h */ = {isa = PBXFileReference; fileEncoding = 4; lastKnownFileType = sourcecode.c.h; name = AFURLConnectionOperation.h; path = AFNetworking/AFURLConnectionOperation.h; sourceTree = "<group>"; };
		52EDFCC31B91CFB1004C65DB /* AFURLConnectionOperation.m */ = {isa = PBXFileReference; fileEncoding = 4; lastKnownFileType = sourcecode.c.objc; name = AFURLConnectionOperation.m; path = AFNetworking/AFURLConnectionOperation.m; sourceTree = "<group>"; };
		52EDFCC41B91CFB1004C65DB /* AFURLRequestSerialization.h */ = {isa = PBXFileReference; fileEncoding = 4; lastKnownFileType = sourcecode.c.h; name = AFURLRequestSerialization.h; path = AFNetworking/AFURLRequestSerialization.h; sourceTree = "<group>"; };
		52EDFCC51B91CFB1004C65DB /* AFURLRequestSerialization.m */ = {isa = PBXFileReference; fileEncoding = 4; lastKnownFileType = sourcecode.c.objc; name = AFURLRequestSerialization.m; path = AFNetworking/AFURLRequestSerialization.m; sourceTree = "<group>"; };
		52EDFCC61B91CFB1004C65DB /* AFURLResponseSerialization.h */ = {isa = PBXFileReference; fileEncoding = 4; lastKnownFileType = sourcecode.c.h; name = AFURLResponseSerialization.h; path = AFNetworking/AFURLResponseSerialization.h; sourceTree = "<group>"; };
		52EDFCC71B91CFB1004C65DB /* AFURLResponseSerialization.m */ = {isa = PBXFileReference; fileEncoding = 4; lastKnownFileType = sourcecode.c.objc; name = AFURLResponseSerialization.m; path = AFNetworking/AFURLResponseSerialization.m; sourceTree = "<group>"; };
		52EDFCC81B91CFB1004C65DB /* AFURLSessionManager.h */ = {isa = PBXFileReference; fileEncoding = 4; lastKnownFileType = sourcecode.c.h; name = AFURLSessionManager.h; path = AFNetworking/AFURLSessionManager.h; sourceTree = "<group>"; };
		52EDFCC91B91CFB1004C65DB /* AFURLSessionManager.m */ = {isa = PBXFileReference; fileEncoding = 4; lastKnownFileType = sourcecode.c.objc; name = AFURLSessionManager.m; path = AFNetworking/AFURLSessionManager.m; sourceTree = "<group>"; };
		52EDFCD31B91CFED004C65DB /* Security.framework */ = {isa = PBXFileReference; lastKnownFileType = wrapper.framework; name = Security.framework; path = System/Library/Frameworks/Security.framework; sourceTree = SDKROOT; };
		52EDFCD51B91CFF3004C65DB /* MobileCoreServices.framework */ = {isa = PBXFileReference; lastKnownFileType = wrapper.framework; name = MobileCoreServices.framework; path = System/Library/Frameworks/MobileCoreServices.framework; sourceTree = SDKROOT; };
		52EDFCD71B91D184004C65DB /* PrefixHeader.pch */ = {isa = PBXFileReference; lastKnownFileType = sourcecode.c.h; path = PrefixHeader.pch; sourceTree = "<group>"; };
		52EDFCE31B91F89D004C65DB /* HASignUpManager.h */ = {isa = PBXFileReference; fileEncoding = 4; lastKnownFileType = sourcecode.c.h; path = HASignUpManager.h; sourceTree = "<group>"; };
		52EDFCE41B91F89D004C65DB /* HASignUpManager.m */ = {isa = PBXFileReference; fileEncoding = 4; lastKnownFileType = sourcecode.c.objc; path = HASignUpManager.m; sourceTree = "<group>"; };
		52EDFCE91B922027004C65DB /* MKAnnotationView+WebCache.h */ = {isa = PBXFileReference; fileEncoding = 4; lastKnownFileType = sourcecode.c.h; path = "MKAnnotationView+WebCache.h"; sourceTree = "<group>"; };
		52EDFCEA1B922027004C65DB /* MKAnnotationView+WebCache.m */ = {isa = PBXFileReference; fileEncoding = 4; lastKnownFileType = sourcecode.c.objc; path = "MKAnnotationView+WebCache.m"; sourceTree = "<group>"; };
		52EDFCEB1B922027004C65DB /* NSData+ImageContentType.h */ = {isa = PBXFileReference; fileEncoding = 4; lastKnownFileType = sourcecode.c.h; path = "NSData+ImageContentType.h"; sourceTree = "<group>"; };
		52EDFCEC1B922027004C65DB /* NSData+ImageContentType.m */ = {isa = PBXFileReference; fileEncoding = 4; lastKnownFileType = sourcecode.c.objc; path = "NSData+ImageContentType.m"; sourceTree = "<group>"; };
		52EDFCED1B922027004C65DB /* SDImageCache.h */ = {isa = PBXFileReference; fileEncoding = 4; lastKnownFileType = sourcecode.c.h; path = SDImageCache.h; sourceTree = "<group>"; };
		52EDFCEE1B922027004C65DB /* SDImageCache.m */ = {isa = PBXFileReference; fileEncoding = 4; lastKnownFileType = sourcecode.c.objc; path = SDImageCache.m; sourceTree = "<group>"; };
		52EDFCEF1B922027004C65DB /* SDWebImageCompat.h */ = {isa = PBXFileReference; fileEncoding = 4; lastKnownFileType = sourcecode.c.h; path = SDWebImageCompat.h; sourceTree = "<group>"; };
		52EDFCF01B922027004C65DB /* SDWebImageCompat.m */ = {isa = PBXFileReference; fileEncoding = 4; lastKnownFileType = sourcecode.c.objc; path = SDWebImageCompat.m; sourceTree = "<group>"; };
		52EDFCF11B922027004C65DB /* SDWebImageDecoder.h */ = {isa = PBXFileReference; fileEncoding = 4; lastKnownFileType = sourcecode.c.h; path = SDWebImageDecoder.h; sourceTree = "<group>"; };
		52EDFCF21B922027004C65DB /* SDWebImageDecoder.m */ = {isa = PBXFileReference; fileEncoding = 4; lastKnownFileType = sourcecode.c.objc; path = SDWebImageDecoder.m; sourceTree = "<group>"; };
		52EDFCF31B922027004C65DB /* SDWebImageDownloader.h */ = {isa = PBXFileReference; fileEncoding = 4; lastKnownFileType = sourcecode.c.h; path = SDWebImageDownloader.h; sourceTree = "<group>"; };
		52EDFCF41B922027004C65DB /* SDWebImageDownloader.m */ = {isa = PBXFileReference; fileEncoding = 4; lastKnownFileType = sourcecode.c.objc; path = SDWebImageDownloader.m; sourceTree = "<group>"; };
		52EDFCF51B922027004C65DB /* SDWebImageDownloaderOperation.h */ = {isa = PBXFileReference; fileEncoding = 4; lastKnownFileType = sourcecode.c.h; path = SDWebImageDownloaderOperation.h; sourceTree = "<group>"; };
		52EDFCF61B922027004C65DB /* SDWebImageDownloaderOperation.m */ = {isa = PBXFileReference; fileEncoding = 4; lastKnownFileType = sourcecode.c.objc; path = SDWebImageDownloaderOperation.m; sourceTree = "<group>"; };
		52EDFCF71B922027004C65DB /* SDWebImageManager.h */ = {isa = PBXFileReference; fileEncoding = 4; lastKnownFileType = sourcecode.c.h; path = SDWebImageManager.h; sourceTree = "<group>"; };
		52EDFCF81B922027004C65DB /* SDWebImageManager.m */ = {isa = PBXFileReference; fileEncoding = 4; lastKnownFileType = sourcecode.c.objc; path = SDWebImageManager.m; sourceTree = "<group>"; };
		52EDFCF91B922027004C65DB /* SDWebImageOperation.h */ = {isa = PBXFileReference; fileEncoding = 4; lastKnownFileType = sourcecode.c.h; path = SDWebImageOperation.h; sourceTree = "<group>"; };
		52EDFCFA1B922027004C65DB /* SDWebImagePrefetcher.h */ = {isa = PBXFileReference; fileEncoding = 4; lastKnownFileType = sourcecode.c.h; path = SDWebImagePrefetcher.h; sourceTree = "<group>"; };
		52EDFCFB1B922027004C65DB /* SDWebImagePrefetcher.m */ = {isa = PBXFileReference; fileEncoding = 4; lastKnownFileType = sourcecode.c.objc; path = SDWebImagePrefetcher.m; sourceTree = "<group>"; };
		52EDFCFC1B922027004C65DB /* UIButton+WebCache.h */ = {isa = PBXFileReference; fileEncoding = 4; lastKnownFileType = sourcecode.c.h; path = "UIButton+WebCache.h"; sourceTree = "<group>"; };
		52EDFCFD1B922027004C65DB /* UIButton+WebCache.m */ = {isa = PBXFileReference; fileEncoding = 4; lastKnownFileType = sourcecode.c.objc; path = "UIButton+WebCache.m"; sourceTree = "<group>"; };
		52EDFCFE1B922027004C65DB /* UIImage+GIF.h */ = {isa = PBXFileReference; fileEncoding = 4; lastKnownFileType = sourcecode.c.h; path = "UIImage+GIF.h"; sourceTree = "<group>"; };
		52EDFCFF1B922027004C65DB /* UIImage+GIF.m */ = {isa = PBXFileReference; fileEncoding = 4; lastKnownFileType = sourcecode.c.objc; path = "UIImage+GIF.m"; sourceTree = "<group>"; };
		52EDFD001B922027004C65DB /* UIImage+MultiFormat.h */ = {isa = PBXFileReference; fileEncoding = 4; lastKnownFileType = sourcecode.c.h; path = "UIImage+MultiFormat.h"; sourceTree = "<group>"; };
		52EDFD011B922027004C65DB /* UIImage+MultiFormat.m */ = {isa = PBXFileReference; fileEncoding = 4; lastKnownFileType = sourcecode.c.objc; path = "UIImage+MultiFormat.m"; sourceTree = "<group>"; };
		52EDFD021B922027004C65DB /* UIImage+WebP.h */ = {isa = PBXFileReference; fileEncoding = 4; lastKnownFileType = sourcecode.c.h; path = "UIImage+WebP.h"; sourceTree = "<group>"; };
		52EDFD031B922027004C65DB /* UIImage+WebP.m */ = {isa = PBXFileReference; fileEncoding = 4; lastKnownFileType = sourcecode.c.objc; path = "UIImage+WebP.m"; sourceTree = "<group>"; };
		52EDFD041B922027004C65DB /* UIImageView+HighlightedWebCache.h */ = {isa = PBXFileReference; fileEncoding = 4; lastKnownFileType = sourcecode.c.h; path = "UIImageView+HighlightedWebCache.h"; sourceTree = "<group>"; };
		52EDFD051B922027004C65DB /* UIImageView+HighlightedWebCache.m */ = {isa = PBXFileReference; fileEncoding = 4; lastKnownFileType = sourcecode.c.objc; path = "UIImageView+HighlightedWebCache.m"; sourceTree = "<group>"; };
		52EDFD061B922027004C65DB /* UIImageView+WebCache.h */ = {isa = PBXFileReference; fileEncoding = 4; lastKnownFileType = sourcecode.c.h; path = "UIImageView+WebCache.h"; sourceTree = "<group>"; };
		52EDFD071B922027004C65DB /* UIImageView+WebCache.m */ = {isa = PBXFileReference; fileEncoding = 4; lastKnownFileType = sourcecode.c.objc; path = "UIImageView+WebCache.m"; sourceTree = "<group>"; };
		52EDFD081B922027004C65DB /* UIView+WebCacheOperation.h */ = {isa = PBXFileReference; fileEncoding = 4; lastKnownFileType = sourcecode.c.h; path = "UIView+WebCacheOperation.h"; sourceTree = "<group>"; };
		52EDFD091B922027004C65DB /* UIView+WebCacheOperation.m */ = {isa = PBXFileReference; fileEncoding = 4; lastKnownFileType = sourcecode.c.objc; path = "UIView+WebCacheOperation.m"; sourceTree = "<group>"; };
		52EDFD1D1B922117004C65DB /* UIImage+Resize.h */ = {isa = PBXFileReference; fileEncoding = 4; lastKnownFileType = sourcecode.c.h; path = "UIImage+Resize.h"; sourceTree = "<group>"; };
		52EDFD1E1B922117004C65DB /* UIImage+Resize.m */ = {isa = PBXFileReference; fileEncoding = 4; lastKnownFileType = sourcecode.c.objc; path = "UIImage+Resize.m"; sourceTree = "<group>"; };
		52EDFD201B922130004C65DB /* UIImage+RoundedCorner.h */ = {isa = PBXFileReference; fileEncoding = 4; lastKnownFileType = sourcecode.c.h; path = "UIImage+RoundedCorner.h"; sourceTree = "<group>"; };
		52EDFD211B922130004C65DB /* UIImage+RoundedCorner.m */ = {isa = PBXFileReference; fileEncoding = 4; lastKnownFileType = sourcecode.c.objc; path = "UIImage+RoundedCorner.m"; sourceTree = "<group>"; };
		52EDFD231B922144004C65DB /* UIImage+Alpha.h */ = {isa = PBXFileReference; fileEncoding = 4; lastKnownFileType = sourcecode.c.h; path = "UIImage+Alpha.h"; sourceTree = "<group>"; };
		52EDFD241B922144004C65DB /* UIImage+Alpha.m */ = {isa = PBXFileReference; fileEncoding = 4; lastKnownFileType = sourcecode.c.objc; path = "UIImage+Alpha.m"; sourceTree = "<group>"; };
		D34C728A1B91BF8800C2586F /* HAHomeScreenVIewController.h */ = {isa = PBXFileReference; fileEncoding = 4; lastKnownFileType = sourcecode.c.h; path = HAHomeScreenVIewController.h; sourceTree = "<group>"; };
		D34C728B1B91BF8800C2586F /* HAHomeScreenVIewController.m */ = {isa = PBXFileReference; fileEncoding = 4; lastKnownFileType = sourcecode.c.objc; path = HAHomeScreenVIewController.m; sourceTree = "<group>"; };
		D34C728C1B91BF8800C2586F /* HAHomeScreenVIewController.xib */ = {isa = PBXFileReference; fileEncoding = 4; lastKnownFileType = file.xib; path = HAHomeScreenVIewController.xib; sourceTree = "<group>"; };
		D34C729F1B91DA0100C2586F /* HABuddyTableViewCell.h */ = {isa = PBXFileReference; fileEncoding = 4; lastKnownFileType = sourcecode.c.h; path = HABuddyTableViewCell.h; sourceTree = "<group>"; };
		D34C72A01B91DA0100C2586F /* HABuddyTableViewCell.m */ = {isa = PBXFileReference; fileEncoding = 4; lastKnownFileType = sourcecode.c.objc; path = HABuddyTableViewCell.m; sourceTree = "<group>"; };
		D34C72A11B91DA0100C2586F /* HABuddyTableViewCell.xib */ = {isa = PBXFileReference; fileEncoding = 4; lastKnownFileType = file.xib; path = HABuddyTableViewCell.xib; sourceTree = "<group>"; };
		D34C72A41B91F54F00C2586F /* HALeftMenuViewController.h */ = {isa = PBXFileReference; fileEncoding = 4; lastKnownFileType = sourcecode.c.h; path = HALeftMenuViewController.h; sourceTree = "<group>"; };
		D34C72A51B91F54F00C2586F /* HALeftMenuViewController.m */ = {isa = PBXFileReference; fileEncoding = 4; lastKnownFileType = sourcecode.c.objc; path = HALeftMenuViewController.m; sourceTree = "<group>"; };
		D34C72A61B91F54F00C2586F /* HALeftMenuViewController.xib */ = {isa = PBXFileReference; fileEncoding = 4; lastKnownFileType = file.xib; path = HALeftMenuViewController.xib; sourceTree = "<group>"; };
		D34C72F81B92291400C2586F /* SVIndefiniteAnimatedView.h */ = {isa = PBXFileReference; fileEncoding = 4; lastKnownFileType = sourcecode.c.h; path = SVIndefiniteAnimatedView.h; sourceTree = "<group>"; };
		D34C72F91B92291400C2586F /* SVIndefiniteAnimatedView.m */ = {isa = PBXFileReference; fileEncoding = 4; lastKnownFileType = sourcecode.c.objc; path = SVIndefiniteAnimatedView.m; sourceTree = "<group>"; };
		D34C72FA1B92291400C2586F /* SVProgressHUD-Prefix.pch */ = {isa = PBXFileReference; fileEncoding = 4; lastKnownFileType = sourcecode.c.h; path = "SVProgressHUD-Prefix.pch"; sourceTree = "<group>"; };
		D34C72FB1B92291400C2586F /* SVProgressHUD.bundle */ = {isa = PBXFileReference; lastKnownFileType = "wrapper.plug-in"; path = SVProgressHUD.bundle; sourceTree = "<group>"; };
		D34C72FC1B92291400C2586F /* SVProgressHUD.h */ = {isa = PBXFileReference; fileEncoding = 4; lastKnownFileType = sourcecode.c.h; path = SVProgressHUD.h; sourceTree = "<group>"; };
		D34C72FD1B92291400C2586F /* SVProgressHUD.m */ = {isa = PBXFileReference; fileEncoding = 4; lastKnownFileType = sourcecode.c.objc; path = SVProgressHUD.m; sourceTree = "<group>"; };
		D34C72FE1B92291400C2586F /* SVRadialGradientLayer.h */ = {isa = PBXFileReference; fileEncoding = 4; lastKnownFileType = sourcecode.c.h; path = SVRadialGradientLayer.h; sourceTree = "<group>"; };
		D34C72FF1B92291400C2586F /* SVRadialGradientLayer.m */ = {isa = PBXFileReference; fileEncoding = 4; lastKnownFileType = sourcecode.c.objc; path = SVRadialGradientLayer.m; sourceTree = "<group>"; };
/* End PBXFileReference section */

/* Begin PBXFrameworksBuildPhase section */
		26EEF7AE1B91AEB500132A92 /* Frameworks */ = {
			isa = PBXFrameworksBuildPhase;
			buildActionMask = 2147483647;
			files = (
				260A95B21B92179800DE286A /* libsqlite3.dylib in Frameworks */,
				260A95B01B92178900DE286A /* libz.dylib in Frameworks */,
				260A95AE1B92177A00DE286A /* StoreKit.framework in Frameworks */,
				52EDFCD41B91CFED004C65DB /* Security.framework in Frameworks */,
				260A95AC1B92175700DE286A /* QuartzCore.framework in Frameworks */,
				260A95C01B92185B00DE286A /* ParseTwitterUtils.framework in Frameworks */,
				260A95C11B92185B00DE286A /* ParseUI.framework in Frameworks */,
				260A95AA1B92174B00DE286A /* CoreGraphics.framework in Frameworks */,
				260A95A81B92174000DE286A /* CFNetwork.framework in Frameworks */,
				260A95A61B92173800DE286A /* AudioToolbox.framework in Frameworks */,
				26B446911B91C61D0066F83C /* CoreLocation.framework in Frameworks */,
				26B4468B1B91C6040066F83C /* SystemConfiguration.framework in Frameworks */,
				260A95BF1B92185B00DE286A /* ParseFacebookUtilsV4.framework in Frameworks */,
				52EDFCD61B91CFF3004C65DB /* MobileCoreServices.framework in Frameworks */,
				260A95BD1B92185B00DE286A /* ParseCrashReporting.framework in Frameworks */,
				26B4468F1B91C6140066F83C /* CoreBluetooth.framework in Frameworks */,
				26B4468D1B91C60F0066F83C /* CoreData.framework in Frameworks */,
				260A95BE1B92185B00DE286A /* ParseFacebookUtils.framework in Frameworks */,
				260A95BC1B92185B00DE286A /* Parse.framework in Frameworks */,
				52EDFCB31B91CDEE004C65DB /* DigitsKit.framework in Frameworks */,
				52EDFCB51B91CDEE004C65DB /* TwitterCore.framework in Frameworks */,
				260A95BB1B92185B00DE286A /* Bolts.framework in Frameworks */,
				26B446891B91C5D70066F83C /* Beaconstac.framework in Frameworks */,
				52EDFCB21B91CDEE004C65DB /* Fabric.framework in Frameworks */,
			);
			runOnlyForDeploymentPostprocessing = 0;
		};
		26EEF7C71B91AEB500132A92 /* Frameworks */ = {
			isa = PBXFrameworksBuildPhase;
			buildActionMask = 2147483647;
			files = (
			);
			runOnlyForDeploymentPostprocessing = 0;
		};
/* End PBXFrameworksBuildPhase section */

/* Begin PBXGroup section */
		260A95991B91D30300DE286A /* Model */ = {
			isa = PBXGroup;
			children = (
				260A95C21B92195D00DE286A /* HAModelManager.h */,
				260A95C31B92195D00DE286A /* HAModelManager.m */,
				260A959D1B91D34300DE286A /* HAUser.h */,
				260A959E1B91D34300DE286A /* HAUser.m */,
				260A95A01B91D78400DE286A /* HACommonDefs.h */,
			);
			name = Model;
			sourceTree = "<group>";
		};
		260A95B31B92185B00DE286A /* parse-library-1.8.2 */ = {
			isa = PBXGroup;
			children = (
				260A95B41B92185B00DE286A /* Bolts.framework */,
				260A95B51B92185B00DE286A /* Parse.framework */,
				260A95B61B92185B00DE286A /* ParseCrashReporting.framework */,
				260A95B71B92185B00DE286A /* ParseFacebookUtils.framework */,
				260A95B81B92185B00DE286A /* ParseFacebookUtilsV4.framework */,
				260A95B91B92185B00DE286A /* ParseTwitterUtils.framework */,
				260A95BA1B92185B00DE286A /* ParseUI.framework */,
			);
			path = "parse-library-1.8.2";
			sourceTree = SOURCE_ROOT;
		};
		26B446871B91C5D70066F83C /* BeaconstacSDK */ = {
			isa = PBXGroup;
			children = (
				26B446881B91C5D70066F83C /* Beaconstac.framework */,
			);
			path = BeaconstacSDK;
			sourceTree = "<group>";
		};
		26EEF7A81B91AEB500132A92 = {
			isa = PBXGroup;
			children = (
				26EEF7B31B91AEB500132A92 /* hikerapp */,
				260A95B11B92179800DE286A /* libsqlite3.dylib */,
				260A95AF1B92178900DE286A /* libz.dylib */,
				260A95AD1B92177A00DE286A /* StoreKit.framework */,
				260A95AB1B92175700DE286A /* QuartzCore.framework */,
				260A95A91B92174B00DE286A /* CoreGraphics.framework */,
				260A95A71B92174000DE286A /* CFNetwork.framework */,
				260A95A51B92173800DE286A /* AudioToolbox.framework */,
				52EDFCD51B91CFF3004C65DB /* MobileCoreServices.framework */,
				26B446901B91C61D0066F83C /* CoreLocation.framework */,
				26B4468E1B91C6140066F83C /* CoreBluetooth.framework */,
				26B4468C1B91C60F0066F83C /* CoreData.framework */,
				26B4468A1B91C6040066F83C /* SystemConfiguration.framework */,
				52EDFCD31B91CFED004C65DB /* Security.framework */,
				26EEF7CD1B91AEB500132A92 /* hikerappTests */,
				26EEF7B21B91AEB500132A92 /* Products */,
			);
			sourceTree = "<group>";
		};
		26EEF7B21B91AEB500132A92 /* Products */ = {
			isa = PBXGroup;
			children = (
				26EEF7B11B91AEB500132A92 /* hikerapp.app */,
				26EEF7CA1B91AEB500132A92 /* hikerappTests.xctest */,
			);
			name = Products;
			sourceTree = "<group>";
		};
		26EEF7B31B91AEB500132A92 /* hikerapp */ = {
			isa = PBXGroup;
			children = (
				52EDFD1C1B9220F2004C65DB /* Image Resize */,
				52EDFCE81B922012004C65DB /* SDWebImage */,
				260A95B31B92185B00DE286A /* parse-library-1.8.2 */,
				260A95991B91D30300DE286A /* Model */,
				26EEF7B81B91AEB500132A92 /* AppDelegate.h */,
				26EEF7B91B91AEB500132A92 /* AppDelegate.m */,
				D34C728A1B91BF8800C2586F /* HAHomeScreenVIewController.h */,
				D34C728B1B91BF8800C2586F /* HAHomeScreenVIewController.m */,
				D34C728C1B91BF8800C2586F /* HAHomeScreenVIewController.xib */,
				D34C72A41B91F54F00C2586F /* HALeftMenuViewController.h */,
				D34C72A51B91F54F00C2586F /* HALeftMenuViewController.m */,
				D34C72A61B91F54F00C2586F /* HALeftMenuViewController.xib */,
				01AB3B0A1B91C1CD004625F9 /* HASignupInfoViewController.h */,
				01AB3B0B1B91C1CD004625F9 /* HASignupInfoViewController.m */,
				D34C729F1B91DA0100C2586F /* HABuddyTableViewCell.h */,
				D34C72A01B91DA0100C2586F /* HABuddyTableViewCell.m */,
				01AB3B101B91F2B1004625F9 /* HASettingsViewController.h */,
				01AB3B111B91F2B1004625F9 /* HASettingsViewController.m */,
				D34C72A11B91DA0100C2586F /* HABuddyTableViewCell.xib */,
				26EEF7C11B91AEB500132A92 /* Images.xcassets */,
				26EEF7C31B91AEB500132A92 /* LaunchScreen.xib */,
				D34C72F71B92291400C2586F /* SVProgressHUD */,
				52EDFCE21B91F881004C65DB /* SignUp */,
				52EDFCB61B91CF8E004C65DB /* Network */,
				52EDFCAE1B91CDEE004C65DB /* Fabric.framework */,
				52EDFCAF1B91CDEE004C65DB /* DigitsKit.framework */,
				52EDFCB01B91CDEE004C65DB /* DigitsKitResources.bundle */,
				52EDFCB11B91CDEE004C65DB /* TwitterCore.framework */,
				52EDFC5A1B91B9A0004C65DB /* SideMenu */,
				26EEF7B41B91AEB500132A92 /* Supporting Files */,
				52EDFCD71B91D184004C65DB /* PrefixHeader.pch */,
			);
			path = hikerapp;
			sourceTree = "<group>";
		};
		26EEF7B41B91AEB500132A92 /* Supporting Files */ = {
			isa = PBXGroup;
			children = (
				26B446941B91C80C0066F83C /* BeaconstacData.bundle */,
				26B446871B91C5D70066F83C /* BeaconstacSDK */,
				26EEF7B51B91AEB500132A92 /* Info.plist */,
				26EEF7B61B91AEB500132A92 /* main.m */,
			);
			name = "Supporting Files";
			sourceTree = "<group>";
		};
		26EEF7CD1B91AEB500132A92 /* hikerappTests */ = {
			isa = PBXGroup;
			children = (
				26EEF7D01B91AEB500132A92 /* hikerappTests.m */,
				26EEF7CE1B91AEB500132A92 /* Supporting Files */,
			);
			path = hikerappTests;
			sourceTree = "<group>";
		};
		26EEF7CE1B91AEB500132A92 /* Supporting Files */ = {
			isa = PBXGroup;
			children = (
				26EEF7CF1B91AEB500132A92 /* Info.plist */,
			);
			name = "Supporting Files";
			sourceTree = "<group>";
		};
		52EDFC5A1B91B9A0004C65DB /* SideMenu */ = {
			isa = PBXGroup;
			children = (
				52EDFC5B1B91BA5C004C65DB /* RECommonFunctions.h */,
				52EDFC5C1B91BA5C004C65DB /* RECommonFunctions.m */,
				52EDFC5D1B91BA5C004C65DB /* RESideMenu.h */,
				52EDFC5E1B91BA5C004C65DB /* RESideMenu.m */,
				52EDFC5F1B91BA5C004C65DB /* UIViewController+RESideMenu.h */,
				52EDFC601B91BA5C004C65DB /* UIViewController+RESideMenu.m */,
			);
			name = SideMenu;
			sourceTree = "<group>";
		};
		52EDFCB61B91CF8E004C65DB /* Network */ = {
			isa = PBXGroup;
			children = (
				52EDFCB71B91CFB1004C65DB /* AFHTTPRequestOperation.h */,
				52EDFCB81B91CFB1004C65DB /* AFHTTPRequestOperation.m */,
				52EDFCB91B91CFB1004C65DB /* AFHTTPRequestOperationManager.h */,
				52EDFCBA1B91CFB1004C65DB /* AFHTTPRequestOperationManager.m */,
				52EDFCBB1B91CFB1004C65DB /* AFHTTPSessionManager.h */,
				52EDFCBC1B91CFB1004C65DB /* AFHTTPSessionManager.m */,
				52EDFCBD1B91CFB1004C65DB /* AFNetworking.h */,
				52EDFCBE1B91CFB1004C65DB /* AFNetworkReachabilityManager.h */,
				52EDFCBF1B91CFB1004C65DB /* AFNetworkReachabilityManager.m */,
				52EDFCC01B91CFB1004C65DB /* AFSecurityPolicy.h */,
				52EDFCC11B91CFB1004C65DB /* AFSecurityPolicy.m */,
				52EDFCC21B91CFB1004C65DB /* AFURLConnectionOperation.h */,
				52EDFCC31B91CFB1004C65DB /* AFURLConnectionOperation.m */,
				52EDFCC41B91CFB1004C65DB /* AFURLRequestSerialization.h */,
				52EDFCC51B91CFB1004C65DB /* AFURLRequestSerialization.m */,
				52EDFCC61B91CFB1004C65DB /* AFURLResponseSerialization.h */,
				52EDFCC71B91CFB1004C65DB /* AFURLResponseSerialization.m */,
				52EDFCC81B91CFB1004C65DB /* AFURLSessionManager.h */,
				52EDFCC91B91CFB1004C65DB /* AFURLSessionManager.m */,
			);
			name = Network;
			path = ..;
			sourceTree = "<group>";
		};
		52EDFCE21B91F881004C65DB /* SignUp */ = {
			isa = PBXGroup;
			children = (
				52EDFCE31B91F89D004C65DB /* HASignUpManager.h */,
				52EDFCE41B91F89D004C65DB /* HASignUpManager.m */,
			);
			name = SignUp;
			path = ..;
			sourceTree = "<group>";
		};
		52EDFCE81B922012004C65DB /* SDWebImage */ = {
			isa = PBXGroup;
			children = (
				52EDFCE91B922027004C65DB /* MKAnnotationView+WebCache.h */,
				52EDFCEA1B922027004C65DB /* MKAnnotationView+WebCache.m */,
				52EDFCEB1B922027004C65DB /* NSData+ImageContentType.h */,
				52EDFCEC1B922027004C65DB /* NSData+ImageContentType.m */,
				52EDFCED1B922027004C65DB /* SDImageCache.h */,
				52EDFCEE1B922027004C65DB /* SDImageCache.m */,
				52EDFCEF1B922027004C65DB /* SDWebImageCompat.h */,
				52EDFCF01B922027004C65DB /* SDWebImageCompat.m */,
				52EDFCF11B922027004C65DB /* SDWebImageDecoder.h */,
				52EDFCF21B922027004C65DB /* SDWebImageDecoder.m */,
				52EDFCF31B922027004C65DB /* SDWebImageDownloader.h */,
				52EDFCF41B922027004C65DB /* SDWebImageDownloader.m */,
				52EDFCF51B922027004C65DB /* SDWebImageDownloaderOperation.h */,
				52EDFCF61B922027004C65DB /* SDWebImageDownloaderOperation.m */,
				52EDFCF71B922027004C65DB /* SDWebImageManager.h */,
				52EDFCF81B922027004C65DB /* SDWebImageManager.m */,
				52EDFCF91B922027004C65DB /* SDWebImageOperation.h */,
				52EDFCFA1B922027004C65DB /* SDWebImagePrefetcher.h */,
				52EDFCFB1B922027004C65DB /* SDWebImagePrefetcher.m */,
				52EDFCFC1B922027004C65DB /* UIButton+WebCache.h */,
				52EDFCFD1B922027004C65DB /* UIButton+WebCache.m */,
				52EDFCFE1B922027004C65DB /* UIImage+GIF.h */,
				52EDFCFF1B922027004C65DB /* UIImage+GIF.m */,
				52EDFD001B922027004C65DB /* UIImage+MultiFormat.h */,
				52EDFD011B922027004C65DB /* UIImage+MultiFormat.m */,
				52EDFD021B922027004C65DB /* UIImage+WebP.h */,
				52EDFD031B922027004C65DB /* UIImage+WebP.m */,
				52EDFD041B922027004C65DB /* UIImageView+HighlightedWebCache.h */,
				52EDFD051B922027004C65DB /* UIImageView+HighlightedWebCache.m */,
				52EDFD061B922027004C65DB /* UIImageView+WebCache.h */,
				52EDFD071B922027004C65DB /* UIImageView+WebCache.m */,
				52EDFD081B922027004C65DB /* UIView+WebCacheOperation.h */,
				52EDFD091B922027004C65DB /* UIView+WebCacheOperation.m */,
			);
			name = SDWebImage;
			sourceTree = "<group>";
		};
		52EDFD1C1B9220F2004C65DB /* Image Resize */ = {
			isa = PBXGroup;
			children = (
				52EDFD201B922130004C65DB /* UIImage+RoundedCorner.h */,
				52EDFD211B922130004C65DB /* UIImage+RoundedCorner.m */,
				52EDFD1D1B922117004C65DB /* UIImage+Resize.h */,
				52EDFD1E1B922117004C65DB /* UIImage+Resize.m */,
				52EDFD231B922144004C65DB /* UIImage+Alpha.h */,
				52EDFD241B922144004C65DB /* UIImage+Alpha.m */,
			);
			name = "Image Resize";
			sourceTree = "<group>";
		};
		D34C72F71B92291400C2586F /* SVProgressHUD */ = {
			isa = PBXGroup;
			children = (
				D34C72F81B92291400C2586F /* SVIndefiniteAnimatedView.h */,
				D34C72F91B92291400C2586F /* SVIndefiniteAnimatedView.m */,
				D34C72FA1B92291400C2586F /* SVProgressHUD-Prefix.pch */,
				D34C72FB1B92291400C2586F /* SVProgressHUD.bundle */,
				D34C72FC1B92291400C2586F /* SVProgressHUD.h */,
				D34C72FD1B92291400C2586F /* SVProgressHUD.m */,
				D34C72FE1B92291400C2586F /* SVRadialGradientLayer.h */,
				D34C72FF1B92291400C2586F /* SVRadialGradientLayer.m */,
			);
			path = SVProgressHUD;
			sourceTree = "<group>";
		};
/* End PBXGroup section */

/* Begin PBXNativeTarget section */
		26EEF7B01B91AEB500132A92 /* hikerapp */ = {
			isa = PBXNativeTarget;
			buildConfigurationList = 26EEF7D41B91AEB500132A92 /* Build configuration list for PBXNativeTarget "hikerapp" */;
			buildPhases = (
				26EEF7AD1B91AEB500132A92 /* Sources */,
				26EEF7AE1B91AEB500132A92 /* Frameworks */,
				26EEF7AF1B91AEB500132A92 /* Resources */,
				52EDFCAD1B91CDCB004C65DB /* ShellScript */,
			);
			buildRules = (
			);
			dependencies = (
			);
			name = hikerapp;
			productName = hikerapp;
			productReference = 26EEF7B11B91AEB500132A92 /* hikerapp.app */;
			productType = "com.apple.product-type.application";
		};
		26EEF7C91B91AEB500132A92 /* hikerappTests */ = {
			isa = PBXNativeTarget;
			buildConfigurationList = 26EEF7D71B91AEB500132A92 /* Build configuration list for PBXNativeTarget "hikerappTests" */;
			buildPhases = (
				26EEF7C61B91AEB500132A92 /* Sources */,
				26EEF7C71B91AEB500132A92 /* Frameworks */,
				26EEF7C81B91AEB500132A92 /* Resources */,
			);
			buildRules = (
			);
			dependencies = (
				26EEF7CC1B91AEB500132A92 /* PBXTargetDependency */,
			);
			name = hikerappTests;
			productName = hikerappTests;
			productReference = 26EEF7CA1B91AEB500132A92 /* hikerappTests.xctest */;
			productType = "com.apple.product-type.bundle.unit-test";
		};
/* End PBXNativeTarget section */

/* Begin PBXProject section */
		26EEF7A91B91AEB500132A92 /* Project object */ = {
			isa = PBXProject;
			attributes = {
				LastUpgradeCheck = 0640;
				ORGANIZATIONNAME = Hike;
				TargetAttributes = {
					26EEF7B01B91AEB500132A92 = {
						CreatedOnToolsVersion = 6.4;
						DevelopmentTeam = 427QMGU8T5;
					};
					26EEF7C91B91AEB500132A92 = {
						CreatedOnToolsVersion = 6.4;
						TestTargetID = 26EEF7B01B91AEB500132A92;
					};
				};
			};
			buildConfigurationList = 26EEF7AC1B91AEB500132A92 /* Build configuration list for PBXProject "hikerapp" */;
			compatibilityVersion = "Xcode 3.2";
			developmentRegion = English;
			hasScannedForEncodings = 0;
			knownRegions = (
				en,
				Base,
			);
			mainGroup = 26EEF7A81B91AEB500132A92;
			productRefGroup = 26EEF7B21B91AEB500132A92 /* Products */;
			projectDirPath = "";
			projectRoot = "";
			targets = (
				26EEF7B01B91AEB500132A92 /* hikerapp */,
				26EEF7C91B91AEB500132A92 /* hikerappTests */,
			);
		};
/* End PBXProject section */

/* Begin PBXResourcesBuildPhase section */
		26EEF7AF1B91AEB500132A92 /* Resources */ = {
			isa = PBXResourcesBuildPhase;
			buildActionMask = 2147483647;
			files = (
				52EDFCB41B91CDEE004C65DB /* DigitsKitResources.bundle in Resources */,
				D34C728E1B91BF8800C2586F /* HAHomeScreenVIewController.xib in Resources */,
				D34C72A31B91DA0100C2586F /* HABuddyTableViewCell.xib in Resources */,
				D34C73011B92291400C2586F /* SVProgressHUD.bundle in Resources */,
				26EEF7C51B91AEB500132A92 /* LaunchScreen.xib in Resources */,
				26B446951B91C80C0066F83C /* BeaconstacData.bundle in Resources */,
				D34C72A81B91F54F00C2586F /* HALeftMenuViewController.xib in Resources */,
				26EEF7C21B91AEB500132A92 /* Images.xcassets in Resources */,
			);
			runOnlyForDeploymentPostprocessing = 0;
		};
		26EEF7C81B91AEB500132A92 /* Resources */ = {
			isa = PBXResourcesBuildPhase;
			buildActionMask = 2147483647;
			files = (
			);
			runOnlyForDeploymentPostprocessing = 0;
		};
/* End PBXResourcesBuildPhase section */

/* Begin PBXShellScriptBuildPhase section */
		52EDFCAD1B91CDCB004C65DB /* ShellScript */ = {
			isa = PBXShellScriptBuildPhase;
			buildActionMask = 2147483647;
			files = (
			);
			inputPaths = (
			);
			outputPaths = (
			);
			runOnlyForDeploymentPostprocessing = 0;
			shellPath = /bin/sh;
			shellScript = "./Fabric.framework/run a158ed92adc33849add174bc6f7fb20fc8ba2fa6 60ebe5f7c0afae81320b2d59dccc1285dfe88b14eb75d9e775447f0487921899";
		};
/* End PBXShellScriptBuildPhase section */

/* Begin PBXSourcesBuildPhase section */
		26EEF7AD1B91AEB500132A92 /* Sources */ = {
			isa = PBXSourcesBuildPhase;
			buildActionMask = 2147483647;
			files = (
				52EDFD0E1B922027004C65DB /* SDWebImageDecoder.m in Sources */,
				52EDFCD21B91CFB1004C65DB /* AFURLSessionManager.m in Sources */,
				52EDFD0A1B922027004C65DB /* MKAnnotationView+WebCache.m in Sources */,
				52EDFCCF1B91CFB1004C65DB /* AFURLConnectionOperation.m in Sources */,
				52EDFCCA1B91CFB1004C65DB /* AFHTTPRequestOperation.m in Sources */,
				D34C73001B92291400C2586F /* SVIndefiniteAnimatedView.m in Sources */,
				52EDFD1F1B922117004C65DB /* UIImage+Resize.m in Sources */,
				26EEF7BA1B91AEB500132A92 /* AppDelegate.m in Sources */,
				52EDFCCB1B91CFB1004C65DB /* AFHTTPRequestOperationManager.m in Sources */,
				26EEF7B71B91AEB500132A92 /* main.m in Sources */,
				52EDFD0D1B922027004C65DB /* SDWebImageCompat.m in Sources */,
				D34C73021B92291400C2586F /* SVProgressHUD.m in Sources */,
				52EDFD0C1B922027004C65DB /* SDImageCache.m in Sources */,
				52EDFD151B922027004C65DB /* UIImage+MultiFormat.m in Sources */,
				52EDFD141B922027004C65DB /* UIImage+GIF.m in Sources */,
				52EDFD0F1B922027004C65DB /* SDWebImageDownloader.m in Sources */,
				01AB3B121B91F2B1004625F9 /* HASettingsViewController.m in Sources */,
				52EDFD181B922027004C65DB /* UIImageView+WebCache.m in Sources */,
				52EDFD131B922027004C65DB /* UIButton+WebCache.m in Sources */,
				260A959F1B91D34300DE286A /* HAUser.m in Sources */,
				52EDFCCC1B91CFB1004C65DB /* AFHTTPSessionManager.m in Sources */,
				D34C728D1B91BF8800C2586F /* HAHomeScreenVIewController.m in Sources */,
				260A95C41B92195D00DE286A /* HAModelManager.m in Sources */,
				52EDFC621B91BA5C004C65DB /* RESideMenu.m in Sources */,
				01AB3B0C1B91C1CD004625F9 /* HASignupInfoViewController.m in Sources */,
				52EDFCCE1B91CFB1004C65DB /* AFSecurityPolicy.m in Sources */,
				52EDFD101B922027004C65DB /* SDWebImageDownloaderOperation.m in Sources */,
				D34C72A71B91F54F00C2586F /* HALeftMenuViewController.m in Sources */,
				52EDFC611B91BA5C004C65DB /* RECommonFunctions.m in Sources */,
				52EDFD121B922027004C65DB /* SDWebImagePrefetcher.m in Sources */,
				52EDFD161B922027004C65DB /* UIImage+WebP.m in Sources */,
				52EDFD251B922144004C65DB /* UIImage+Alpha.m in Sources */,
				52EDFD111B922027004C65DB /* SDWebImageManager.m in Sources */,
				52EDFD0B1B922027004C65DB /* NSData+ImageContentType.m in Sources */,
				52EDFCE51B91F89D004C65DB /* HASignUpManager.m in Sources */,
				52EDFCD01B91CFB1004C65DB /* AFURLRequestSerialization.m in Sources */,
				52EDFCCD1B91CFB1004C65DB /* AFNetworkReachabilityManager.m in Sources */,
				D34C72A21B91DA0100C2586F /* HABuddyTableViewCell.m in Sources */,
				52EDFD221B922130004C65DB /* UIImage+RoundedCorner.m in Sources */,
				52EDFCD11B91CFB1004C65DB /* AFURLResponseSerialization.m in Sources */,
				52EDFD191B922027004C65DB /* UIView+WebCacheOperation.m in Sources */,
				52EDFD171B922027004C65DB /* UIImageView+HighlightedWebCache.m in Sources */,
				52EDFC631B91BA5C004C65DB /* UIViewController+RESideMenu.m in Sources */,
				D34C73031B92291400C2586F /* SVRadialGradientLayer.m in Sources */,
			);
			runOnlyForDeploymentPostprocessing = 0;
		};
		26EEF7C61B91AEB500132A92 /* Sources */ = {
			isa = PBXSourcesBuildPhase;
			buildActionMask = 2147483647;
			files = (
				26EEF7D11B91AEB500132A92 /* hikerappTests.m in Sources */,
			);
			runOnlyForDeploymentPostprocessing = 0;
		};
/* End PBXSourcesBuildPhase section */

/* Begin PBXTargetDependency section */
		26EEF7CC1B91AEB500132A92 /* PBXTargetDependency */ = {
			isa = PBXTargetDependency;
			target = 26EEF7B01B91AEB500132A92 /* hikerapp */;
			targetProxy = 26EEF7CB1B91AEB500132A92 /* PBXContainerItemProxy */;
		};
/* End PBXTargetDependency section */

/* Begin PBXVariantGroup section */
		26EEF7C31B91AEB500132A92 /* LaunchScreen.xib */ = {
			isa = PBXVariantGroup;
			children = (
				26EEF7C41B91AEB500132A92 /* Base */,
			);
			name = LaunchScreen.xib;
			sourceTree = "<group>";
		};
/* End PBXVariantGroup section */

/* Begin XCBuildConfiguration section */
		26EEF7D21B91AEB500132A92 /* Debug */ = {
			isa = XCBuildConfiguration;
			buildSettings = {
				ALWAYS_SEARCH_USER_PATHS = NO;
				CLANG_CXX_LANGUAGE_STANDARD = "gnu++0x";
				CLANG_CXX_LIBRARY = "libc++";
				CLANG_ENABLE_MODULES = YES;
				CLANG_ENABLE_OBJC_ARC = YES;
				CLANG_WARN_BOOL_CONVERSION = YES;
				CLANG_WARN_CONSTANT_CONVERSION = YES;
				CLANG_WARN_DIRECT_OBJC_ISA_USAGE = YES_ERROR;
				CLANG_WARN_EMPTY_BODY = YES;
				CLANG_WARN_ENUM_CONVERSION = YES;
				CLANG_WARN_INT_CONVERSION = YES;
				CLANG_WARN_OBJC_ROOT_CLASS = YES_ERROR;
				CLANG_WARN_UNREACHABLE_CODE = YES;
				CLANG_WARN__DUPLICATE_METHOD_MATCH = YES;
				CODE_SIGN_IDENTITY = "iPhone Developer";
				"CODE_SIGN_IDENTITY[sdk=iphoneos*]" = "iPhone Developer";
				COPY_PHASE_STRIP = NO;
				DEBUG_INFORMATION_FORMAT = "dwarf-with-dsym";
				ENABLE_STRICT_OBJC_MSGSEND = YES;
				GCC_C_LANGUAGE_STANDARD = gnu99;
				GCC_DYNAMIC_NO_PIC = NO;
				GCC_NO_COMMON_BLOCKS = YES;
				GCC_OPTIMIZATION_LEVEL = 0;
				GCC_PREPROCESSOR_DEFINITIONS = (
					"DEBUG=1",
					"$(inherited)",
				);
				GCC_SYMBOLS_PRIVATE_EXTERN = NO;
				GCC_WARN_64_TO_32_BIT_CONVERSION = YES;
				GCC_WARN_ABOUT_RETURN_TYPE = YES_ERROR;
				GCC_WARN_UNDECLARED_SELECTOR = YES;
				GCC_WARN_UNINITIALIZED_AUTOS = YES_AGGRESSIVE;
				GCC_WARN_UNUSED_FUNCTION = YES;
				GCC_WARN_UNUSED_VARIABLE = YES;
				IPHONEOS_DEPLOYMENT_TARGET = 8.4;
				MTL_ENABLE_DEBUG_INFO = YES;
				ONLY_ACTIVE_ARCH = YES;
				PROVISIONING_PROFILE = "";
				SDKROOT = iphoneos;
			};
			name = Debug;
		};
		26EEF7D31B91AEB500132A92 /* Release */ = {
			isa = XCBuildConfiguration;
			buildSettings = {
				ALWAYS_SEARCH_USER_PATHS = NO;
				CLANG_CXX_LANGUAGE_STANDARD = "gnu++0x";
				CLANG_CXX_LIBRARY = "libc++";
				CLANG_ENABLE_MODULES = YES;
				CLANG_ENABLE_OBJC_ARC = YES;
				CLANG_WARN_BOOL_CONVERSION = YES;
				CLANG_WARN_CONSTANT_CONVERSION = YES;
				CLANG_WARN_DIRECT_OBJC_ISA_USAGE = YES_ERROR;
				CLANG_WARN_EMPTY_BODY = YES;
				CLANG_WARN_ENUM_CONVERSION = YES;
				CLANG_WARN_INT_CONVERSION = YES;
				CLANG_WARN_OBJC_ROOT_CLASS = YES_ERROR;
				CLANG_WARN_UNREACHABLE_CODE = YES;
				CLANG_WARN__DUPLICATE_METHOD_MATCH = YES;
				CODE_SIGN_IDENTITY = "iPhone Developer";
				"CODE_SIGN_IDENTITY[sdk=iphoneos*]" = "iPhone Developer";
				COPY_PHASE_STRIP = NO;
				DEBUG_INFORMATION_FORMAT = "dwarf-with-dsym";
				ENABLE_NS_ASSERTIONS = NO;
				ENABLE_STRICT_OBJC_MSGSEND = YES;
				GCC_C_LANGUAGE_STANDARD = gnu99;
				GCC_NO_COMMON_BLOCKS = YES;
				GCC_WARN_64_TO_32_BIT_CONVERSION = YES;
				GCC_WARN_ABOUT_RETURN_TYPE = YES_ERROR;
				GCC_WARN_UNDECLARED_SELECTOR = YES;
				GCC_WARN_UNINITIALIZED_AUTOS = YES_AGGRESSIVE;
				GCC_WARN_UNUSED_FUNCTION = YES;
				GCC_WARN_UNUSED_VARIABLE = YES;
				IPHONEOS_DEPLOYMENT_TARGET = 8.4;
				MTL_ENABLE_DEBUG_INFO = NO;
				PROVISIONING_PROFILE = "";
				SDKROOT = iphoneos;
				VALIDATE_PRODUCT = YES;
			};
			name = Release;
		};
		26EEF7D51B91AEB500132A92 /* Debug */ = {
			isa = XCBuildConfiguration;
			buildSettings = {
				ASSETCATALOG_COMPILER_APPICON_NAME = AppIcon;
				CODE_SIGN_IDENTITY = "iPhone Developer";
				"CODE_SIGN_IDENTITY[sdk=iphoneos*]" = "iPhone Developer";
				FRAMEWORK_SEARCH_PATHS = (
					"$(inherited)",
					"$(PROJECT_DIR)/hikerapp/BeaconstacSDK",
					"$(PROJECT_DIR)",
					"$(PROJECT_DIR)/Parse",
					"$(PROJECT_DIR)/parse-library-1.8.2",
				);
				GCC_PREFIX_HEADER = "$(PROJECT_DIR)/hikerapp/PrefixHeader.pch";
				INFOPLIST_FILE = hikerapp/Info.plist;
				IPHONEOS_DEPLOYMENT_TARGET = 8.0;
				LD_RUNPATH_SEARCH_PATHS = "$(inherited) @executable_path/Frameworks";
				PRODUCT_NAME = "$(TARGET_NAME)";
				PROVISIONING_PROFILE = "";
			};
			name = Debug;
		};
		26EEF7D61B91AEB500132A92 /* Release */ = {
			isa = XCBuildConfiguration;
			buildSettings = {
				ASSETCATALOG_COMPILER_APPICON_NAME = AppIcon;
				CODE_SIGN_IDENTITY = "iPhone Developer";
				"CODE_SIGN_IDENTITY[sdk=iphoneos*]" = "iPhone Developer";
				FRAMEWORK_SEARCH_PATHS = (
					"$(inherited)",
					"$(PROJECT_DIR)/hikerapp/BeaconstacSDK",
					"$(PROJECT_DIR)",
					"$(PROJECT_DIR)/Parse",
					"$(PROJECT_DIR)/parse-library-1.8.2",
				);
				GCC_PREFIX_HEADER = "$(PROJECT_DIR)/hikerapp/PrefixHeader.pch";
				INFOPLIST_FILE = hikerapp/Info.plist;
				IPHONEOS_DEPLOYMENT_TARGET = 8.0;
				LD_RUNPATH_SEARCH_PATHS = "$(inherited) @executable_path/Frameworks";
				PRODUCT_NAME = "$(TARGET_NAME)";
				PROVISIONING_PROFILE = "";
			};
			name = Release;
		};
		26EEF7D81B91AEB500132A92 /* Debug */ = {
			isa = XCBuildConfiguration;
			buildSettings = {
				BUNDLE_LOADER = "$(TEST_HOST)";
				FRAMEWORK_SEARCH_PATHS = (
					"$(SDKROOT)/Developer/Library/Frameworks",
					"$(inherited)",
				);
				GCC_PREPROCESSOR_DEFINITIONS = (
					"DEBUG=1",
					"$(inherited)",
				);
				INFOPLIST_FILE = hikerappTests/Info.plist;
				LD_RUNPATH_SEARCH_PATHS = "$(inherited) @executable_path/Frameworks @loader_path/Frameworks";
				PRODUCT_NAME = "$(TARGET_NAME)";
				TEST_HOST = "$(BUILT_PRODUCTS_DIR)/hikerapp.app/hikerapp";
			};
			name = Debug;
		};
		26EEF7D91B91AEB500132A92 /* Release */ = {
			isa = XCBuildConfiguration;
			buildSettings = {
				BUNDLE_LOADER = "$(TEST_HOST)";
				FRAMEWORK_SEARCH_PATHS = (
					"$(SDKROOT)/Developer/Library/Frameworks",
					"$(inherited)",
				);
				INFOPLIST_FILE = hikerappTests/Info.plist;
				LD_RUNPATH_SEARCH_PATHS = "$(inherited) @executable_path/Frameworks @loader_path/Frameworks";
				PRODUCT_NAME = "$(TARGET_NAME)";
				TEST_HOST = "$(BUILT_PRODUCTS_DIR)/hikerapp.app/hikerapp";
			};
			name = Release;
		};
/* End XCBuildConfiguration section */

/* Begin XCConfigurationList section */
		26EEF7AC1B91AEB500132A92 /* Build configuration list for PBXProject "hikerapp" */ = {
			isa = XCConfigurationList;
			buildConfigurations = (
				26EEF7D21B91AEB500132A92 /* Debug */,
				26EEF7D31B91AEB500132A92 /* Release */,
			);
			defaultConfigurationIsVisible = 0;
			defaultConfigurationName = Release;
		};
		26EEF7D41B91AEB500132A92 /* Build configuration list for PBXNativeTarget "hikerapp" */ = {
			isa = XCConfigurationList;
			buildConfigurations = (
				26EEF7D51B91AEB500132A92 /* Debug */,
				26EEF7D61B91AEB500132A92 /* Release */,
			);
			defaultConfigurationIsVisible = 0;
			defaultConfigurationName = Release;
		};
		26EEF7D71B91AEB500132A92 /* Build configuration list for PBXNativeTarget "hikerappTests" */ = {
			isa = XCConfigurationList;
			buildConfigurations = (
				26EEF7D81B91AEB500132A92 /* Debug */,
				26EEF7D91B91AEB500132A92 /* Release */,
			);
			defaultConfigurationIsVisible = 0;
			defaultConfigurationName = Release;
		};
/* End XCConfigurationList section */
	};
	rootObject = 26EEF7A91B91AEB500132A92 /* Project object */;
}
